
Microsoft Visual Studio Solution File, Format Version 12.00
# Visual Studio Version 16
VisualStudioVersion = 16.0.31004.235
MinimumVisualStudioVersion = 10.0.40219.1
Project("{9A19103F-16F7-4668-BE54-9A1E7A4F7556}") = "HyperXStayAwake", "HyperXStayAwake.csproj", "{E39F892E-F00E-4D6E-A7F3-B669C6925DB3}"
EndProject
Global
	GlobalSection(SolutionConfigurationPlatforms) = preSolution
		Debug|Any CPU = Debug|Any CPU
		Release|Any CPU = Release|Any CPU
	EndGlobalSection
	GlobalSection(ProjectConfigurationPlatforms) = postSolution
		{E39F892E-F00E-4D6E-A7F3-B669C6925DB3}.Debug|Any CPU.ActiveCfg = Debug|Any CPU
		{E39F892E-F00E-4D6E-A7F3-B669C6925DB3}.Debug|Any CPU.Build.0 = Debug|Any CPU
		{E39F892E-F00E-4D6E-A7F3-B669C6925DB3}.Release|Any CPU.ActiveCfg = Release|Any CPU
		{E39F892E-F00E-4D6E-A7F3-B669C6925DB3}.Release|Any CPU.Build.0 = Release|Any CPU
	EndGlobalSection
	GlobalSection(SolutionProperties) = preSolution
		HideSolutionNode = FALSE
	EndGlobalSection
	GlobalSection(ExtensibilityGlobals) = postSolution
		SolutionGuid = {EEA5B826-8322-4B30-B19C-0CE76C803F34}
	EndGlobalSection
EndGlobal
